
Microsoft Visual Studio Solution File, Format Version 12.00
# Visual Studio Version 17
VisualStudioVersion = 17.6.33815.320
MinimumVisualStudioVersion = 10.0.40219.1
Project("{FAE04EC0-301F-11D3-BF4B-00C04F79EFBC}") = "Task1", "..\WorkWithFiles\Task1\Task1.csproj", "{18150269-7DD7-41E3-B6B3-FE86B8C446E4}"
EndProject
Project("{FAE04EC0-301F-11D3-BF4B-00C04F79EFBC}") = "Task2", "..\WorkWithFiles\Task2\Task2.csproj", "{1AD66C50-DFD6-4307-8547-6D29EBA2BE0C}"
EndProject
Project("{FAE04EC0-301F-11D3-BF4B-00C04F79EFBC}") = "Task3", "..\WorkWithFiles\Task3\Task3.csproj", "{CFE74C6F-54D5-407C-A7CF-F18507AF80F4}"
EndProject
Project("{FAE04EC0-301F-11D3-BF4B-00C04F79EFBC}") = "Task4", "..\WorkWithFiles\Task4\Task4.csproj", "{70A4BE2C-CD84-490F-A3F0-EAD3CE7602AE}"
EndProject
Global
	GlobalSection(SolutionConfigurationPlatforms) = preSolution
		Debug|Any CPU = Debug|Any CPU
		Release|Any CPU = Release|Any CPU
	EndGlobalSection
	GlobalSection(ProjectConfigurationPlatforms) = postSolution
		{18150269-7DD7-41E3-B6B3-FE86B8C446E4}.Debug|Any CPU.ActiveCfg = Debug|Any CPU
		{18150269-7DD7-41E3-B6B3-FE86B8C446E4}.Debug|Any CPU.Build.0 = Debug|Any CPU
		{18150269-7DD7-41E3-B6B3-FE86B8C446E4}.Release|Any CPU.ActiveCfg = Release|Any CPU
		{18150269-7DD7-41E3-B6B3-FE86B8C446E4}.Release|Any CPU.Build.0 = Release|Any CPU
		{1AD66C50-DFD6-4307-8547-6D29EBA2BE0C}.Debug|Any CPU.ActiveCfg = Debug|Any CPU
		{1AD66C50-DFD6-4307-8547-6D29EBA2BE0C}.Debug|Any CPU.Build.0 = Debug|Any CPU
		{1AD66C50-DFD6-4307-8547-6D29EBA2BE0C}.Release|Any CPU.ActiveCfg = Release|Any CPU
		{1AD66C50-DFD6-4307-8547-6D29EBA2BE0C}.Release|Any CPU.Build.0 = Release|Any CPU
		{CFE74C6F-54D5-407C-A7CF-F18507AF80F4}.Debug|Any CPU.ActiveCfg = Debug|Any CPU
		{CFE74C6F-54D5-407C-A7CF-F18507AF80F4}.Debug|Any CPU.Build.0 = Debug|Any CPU
		{CFE74C6F-54D5-407C-A7CF-F18507AF80F4}.Release|Any CPU.ActiveCfg = Release|Any CPU
		{CFE74C6F-54D5-407C-A7CF-F18507AF80F4}.Release|Any CPU.Build.0 = Release|Any CPU
		{70A4BE2C-CD84-490F-A3F0-EAD3CE7602AE}.Debug|Any CPU.ActiveCfg = Debug|Any CPU
		{70A4BE2C-CD84-490F-A3F0-EAD3CE7602AE}.Debug|Any CPU.Build.0 = Debug|Any CPU
		{70A4BE2C-CD84-490F-A3F0-EAD3CE7602AE}.Release|Any CPU.ActiveCfg = Release|Any CPU
		{70A4BE2C-CD84-490F-A3F0-EAD3CE7602AE}.Release|Any CPU.Build.0 = Release|Any CPU
	EndGlobalSection
	GlobalSection(SolutionProperties) = preSolution
		HideSolutionNode = FALSE
	EndGlobalSection
	GlobalSection(ExtensibilityGlobals) = postSolution
		SolutionGuid = {E3C8F418-DFCA-4132-9258-27D56015B584}
	EndGlobalSection
EndGlobal
